
Microsoft Visual Studio Solution File, Format Version 12.00
# Visual Studio Version 17
VisualStudioVersion = 17.8.34525.116
MinimumVisualStudioVersion = 10.0.40219.1
Project("{FAE04EC0-301F-11D3-BF4B-00C04F79EFBC}") = "Rul", "Rul\Rul.csproj", "{3F5CC70A-CE82-4B41-ABB2-9883D837887C}"
EndProject
Global
	GlobalSection(SolutionConfigurationPlatforms) = preSolution
		Debug|Any CPU = Debug|Any CPU
		Release|Any CPU = Release|Any CPU
	EndGlobalSection
	GlobalSection(ProjectConfigurationPlatforms) = postSolution
		{3F5CC70A-CE82-4B41-ABB2-9883D837887C}.Debug|Any CPU.ActiveCfg = Debug|Any CPU
		{3F5CC70A-CE82-4B41-ABB2-9883D837887C}.Debug|Any CPU.Build.0 = Debug|Any CPU
		{3F5CC70A-CE82-4B41-ABB2-9883D837887C}.Release|Any CPU.ActiveCfg = Release|Any CPU
		{3F5CC70A-CE82-4B41-ABB2-9883D837887C}.Release|Any CPU.Build.0 = Release|Any CPU
	EndGlobalSection
	GlobalSection(SolutionProperties) = preSolution
		HideSolutionNode = FALSE
	EndGlobalSection
	GlobalSection(ExtensibilityGlobals) = postSolution
		SolutionGuid = {1AE44B3A-9B30-4C9D-A2AF-368E627E7838}
	EndGlobalSection
EndGlobal
